
Microsoft Visual Studio Solution File, Format Version 12.00
# Visual Studio Version 17
VisualStudioVersion = 17.6.33829.357
MinimumVisualStudioVersion = 10.0.40219.1
Project("{9A19103F-16F7-4668-BE54-9A1E7A4F7556}") = "ComputerVision", "ComputerVision\ComputerVision.csproj", "{EA974A54-4D85-4A41-8DCD-07BAFD1FA30B}"
EndProject
Project("{9A19103F-16F7-4668-BE54-9A1E7A4F7556}") = "ComputerVisionTool", "ComputerVisionTool\ComputerVisionTool.csproj", "{7158C866-2402-4D8C-BB40-88D8D6852B65}"
EndProject
Project("{FAE04EC0-301F-11D3-BF4B-00C04F79EFBC}") = "Pong", "Pong\Pong.csproj", "{20C249EE-92D1-4898-AE51-1009198EB260}"
EndProject
Global
	GlobalSection(SolutionConfigurationPlatforms) = preSolution
		Debug|Any CPU = Debug|Any CPU
		Release|Any CPU = Release|Any CPU
	EndGlobalSection
	GlobalSection(ProjectConfigurationPlatforms) = postSolution
		{EA974A54-4D85-4A41-8DCD-07BAFD1FA30B}.Debug|Any CPU.ActiveCfg = Debug|Any CPU
		{EA974A54-4D85-4A41-8DCD-07BAFD1FA30B}.Debug|Any CPU.Build.0 = Debug|Any CPU
		{EA974A54-4D85-4A41-8DCD-07BAFD1FA30B}.Release|Any CPU.ActiveCfg = Release|Any CPU
		{EA974A54-4D85-4A41-8DCD-07BAFD1FA30B}.Release|Any CPU.Build.0 = Release|Any CPU
		{7158C866-2402-4D8C-BB40-88D8D6852B65}.Debug|Any CPU.ActiveCfg = Debug|Any CPU
		{7158C866-2402-4D8C-BB40-88D8D6852B65}.Debug|Any CPU.Build.0 = Debug|Any CPU
		{7158C866-2402-4D8C-BB40-88D8D6852B65}.Release|Any CPU.ActiveCfg = Release|Any CPU
		{7158C866-2402-4D8C-BB40-88D8D6852B65}.Release|Any CPU.Build.0 = Release|Any CPU
		{20C249EE-92D1-4898-AE51-1009198EB260}.Debug|Any CPU.ActiveCfg = Debug|Any CPU
		{20C249EE-92D1-4898-AE51-1009198EB260}.Debug|Any CPU.Build.0 = Debug|Any CPU
		{20C249EE-92D1-4898-AE51-1009198EB260}.Release|Any CPU.ActiveCfg = Release|Any CPU
		{20C249EE-92D1-4898-AE51-1009198EB260}.Release|Any CPU.Build.0 = Release|Any CPU
	EndGlobalSection
	GlobalSection(SolutionProperties) = preSolution
		HideSolutionNode = FALSE
	EndGlobalSection
	GlobalSection(ExtensibilityGlobals) = postSolution
		SolutionGuid = {D0FBFFB5-5ED0-4691-BEDF-82EAFA058A95}
	EndGlobalSection
EndGlobal
