
Microsoft Visual Studio Solution File, Format Version 12.00
# Visual Studio Version 17
VisualStudioVersion = 17.6.33829.357
MinimumVisualStudioVersion = 10.0.40219.1
Project("{FAE04EC0-301F-11D3-BF4B-00C04F79EFBC}") = "ComputerVision", "ComputerVision\ComputerVision.csproj", "{EA974A54-4D85-4A41-8DCD-07BAFD1FA30B}"
EndProject
Global
	GlobalSection(SolutionConfigurationPlatforms) = preSolution
		Debug|Any CPU = Debug|Any CPU
		Release|Any CPU = Release|Any CPU
	EndGlobalSection
	GlobalSection(ProjectConfigurationPlatforms) = postSolution
		{EA974A54-4D85-4A41-8DCD-07BAFD1FA30B}.Debug|Any CPU.ActiveCfg = Debug|Any CPU
		{EA974A54-4D85-4A41-8DCD-07BAFD1FA30B}.Debug|Any CPU.Build.0 = Debug|Any CPU
		{EA974A54-4D85-4A41-8DCD-07BAFD1FA30B}.Release|Any CPU.ActiveCfg = Release|Any CPU
		{EA974A54-4D85-4A41-8DCD-07BAFD1FA30B}.Release|Any CPU.Build.0 = Release|Any CPU
	EndGlobalSection
	GlobalSection(SolutionProperties) = preSolution
		HideSolutionNode = FALSE
	EndGlobalSection
	GlobalSection(ExtensibilityGlobals) = postSolution
		SolutionGuid = {D0FBFFB5-5ED0-4691-BEDF-82EAFA058A95}
	EndGlobalSection
EndGlobal
